<Solution>
  <Folder Name="/Source/Services/">
    <Project Path="src/Services/PetService/PetService.csproj" />
    <Project Path="src/Services/AppointmentService/AppointmentService.csproj" />
    <Project Path="src/Services/TreatmentService/TreatmentService.csproj" />
  </Folder>
  <Folder Name="/Source/Platform/">
    <Project Path="src/Platform/ApiGateway/ApiGateway.csproj" />
    <Project Path="src/Platform/MCPServer/MCPServer.csproj" />
  </Folder>
  <Folder Name="/Source/Shared/">
    <Project Path="src/Shared/Shared.csproj" />
  </Folder>
  <Folder Name="/Tests/">
    <Project Path="tests/PetService.Domain.Tests/PetService.Domain.Tests.csproj" />
    <Project Path="tests/PetService.Infrastructure.Tests/PetService.Infrastructure.Tests.csproj" />
    <Project Path="tests/PetService.Api.IntegrationTests/PetService.Api.IntegrationTests.csproj" />
    <Project Path="tests/AppointmentService.Domain.Tests/AppointmentService.Domain.Tests.csproj" />
    <Project Path="tests/AppointmentService.Application.Tests/AppointmentService.Application.Tests.csproj" />
    <Project Path="tests/AppointmentService.Api.IntegrationTests/AppointmentService.Api.IntegrationTests.csproj" />
    <Project Path="tests/AppointmentService.PactTests/AppointmentService.PactTests.csproj" />
    <Project Path="tests/TreatmentAndNotificationService.Domain.Tests/TreatmentAndNotificationService.Domain.Tests.csproj" />
    <Project Path="tests/TreatmentAndNotificationService.Worker.Tests/TreatmentAndNotificationService.Worker.Tests.csproj" />
    <Project Path="tests/TreatmentAndNotificationService.PactTests/TreatmentAndNotificationService.PactTests.csproj" />
    <Project Path="tests/TreatmentAndNotificationService.Api.IntegrationTests/TreatmentAndNotificationService.Api.IntegrationTests.csproj" />
    <Project Path="tests/MCPServer.IntegrationTests/MCPServer.IntegrationTests.csproj" />
    <Project Path="tests/ApiGateway.IntegrationTests/ApiGateway.IntegrationTests.csproj" />
  </Folder>
</Solution>
