<Solution>
  <Folder Name="/Solution Items/">
    <File Path="compose.yaml" />
  </Folder>
  <Project Path="AppointmentService/AppointmentService.csproj" />
  <Project Path="PetService/PetService.csproj" />
  <Project Path="TreatmentAndNotificationService/TreatmentAndNotificationService.csproj" />
</Solution>
